{
  "version": 4,
  "terraform_version": "1.5.4",
  "serial": 148,
  "lineage": "ee233435-a852-76e8-bef4-53ec6a7c7e5d",
  "outputs": {},
  "resources": [
    {
      "mode": "managed",
      "type": "null_resource",
      "name": "git_clone",
      "provider": "provider[\"registry.terraform.io/hashicorp/null\"]",
      "instances": [
        {
          "schema_version": 0,
          "attributes": {
            "id": "8008711598694539713",
            "triggers": null
          },
          "sensitive_attributes": [],
          "dependencies": [
            "vultr_instance.manager1"
          ]
        }
      ]
    },
    {
      "mode": "managed",
      "type": "null_resource",
      "name": "git_clone3",
      "provider": "provider[\"registry.terraform.io/hashicorp/null\"]",
      "instances": [
        {
          "schema_version": 0,
          "attributes": {
            "id": "1549921987784976769",
            "triggers": null
          },
          "sensitive_attributes": [],
          "dependencies": [
            "null_resource.git_clone",
            "vultr_instance.manager1"
          ]
        }
      ]
    },
    {
      "mode": "managed",
      "type": "vultr_instance",
      "name": "manager1",
      "provider": "provider[\"registry.terraform.io/vultr/vultr\"]",
      "instances": [
        {
          "schema_version": 0,
          "attributes": {
            "activation_email": null,
            "allowed_bandwidth": 1,
            "app_id": 0,
            "backups": "disabled",
            "backups_schedule": [],
            "date_created": "2023-07-31T05:48:02+00:00",
            "ddos_protection": false,
            "default_password": "6x@AbpQ(o%?Vs=Rk",
            "disk": 25,
            "enable_ipv6": false,
            "features": [],
            "firewall_group_id": "",
            "gateway_v4": "66.42.52.1",
            "hostname": "vultr.guest",
            "id": "656cf502-20d9-4379-85aa-3347894c5ff4",
            "image_id": "docker",
            "internal_ip": "",
            "iso_id": null,
            "kvm": "https://my.vultr.com/subs/vps/novnc/api.php?data=djJ8UHZ5MFZ4aGN6Q2pFRVRheGtGd3RWdExhdzRIelFaUk58regNum2dYQ5rZeAYcowi5VSXHC2W6A7mU8F5s339ceuF8v7pE7SM6H0zhbaPHsqT-_Uw3xZuKsd7uVgITDQnHFMXJax4QfOEDIA0NpWe_MvpZKCmy9yi_to9EqayuXInx2WelX_MDCdNDTBegzyzQAgF2HSLblsYlRiX2ZPFzEmvGo3YvzJmJRk1rWd9C8XiHtzmhku0apLmfA",
            "label": "manager1",
            "main_ip": "66.42.53.148",
            "netmask_v4": "255.255.254.0",
            "os": "Ubuntu 22.04 x64",
            "os_id": 1743,
            "plan": "vc2-1c-1gb",
            "power_status": "running",
            "private_network_ids": [],
            "ram": 1024,
            "region": "sgp",
            "reserved_ip_id": null,
            "script_id": null,
            "server_status": "installingbooting",
            "snapshot_id": null,
            "ssh_key_ids": [
              "f2efd2fd-d4c4-490a-881e-0ec6f5c2a918"
            ],
            "status": "active",
            "tags": [],
            "timeouts": null,
            "user_data": "#cloud-config\nruncmd:\n  - sudo iptables -A INPUT -p tcp --dport 2377 -j ACCEPT\n  - sudo iptables -A INPUT -p tcp --dport 7946 -j ACCEPT\n  - sudo iptables -A INPUT -p udp --dport 7946 -j ACCEPT\n  - sudo iptables -A INPUT -p udp --dport 4789 -j ACCEPT\n",
            "v6_main_ip": "",
            "v6_network": "",
            "v6_network_size": 0,
            "vcpu_count": 1,
            "vpc_ids": []
          },
          "sensitive_attributes": [],
          "private": "eyJlMmJmYjczMC1lY2FhLTExZTYtOGY4OC0zNDM2M2JjN2M0YzAiOnsiY3JlYXRlIjozNjAwMDAwMDAwMDAwLCJ1cGRhdGUiOjM2MDAwMDAwMDAwMDB9fQ=="
        }
      ]
    }
  ],
  "check_results": null
}
