{
  "version": 4,
  "terraform_version": "1.5.4",
  "serial": 5,
  "lineage": "ee233435-a852-76e8-bef4-53ec6a7c7e5d",
  "outputs": {
    "data_external": {
      "value": "Connecting1\nSWMTKN-1-27llyhatk64wor7a8jtuorke2c2z9rhqkk4uc19dlnbw22hybl-bwfwfrv4i1j9srba2jz9hhm6z",
      "type": "string"
    },
    "swarm_manager_public_ip": {
      "value": "45.76.182.240",
      "type": "string"
    }
  },
  "resources": [
    {
      "mode": "data",
      "type": "external",
      "name": "manager1_token",
      "provider": "provider[\"registry.terraform.io/hashicorp/external\"]",
      "instances": [
        {
          "schema_version": 0,
          "attributes": {
            "id": "-",
            "program": [
              "./scripts/fetch-tokens.sh"
            ],
            "query": {
              "host": "45.76.182.240"
            },
            "result": {
              "manager": "Connecting1\nSWMTKN-1-27llyhatk64wor7a8jtuorke2c2z9rhqkk4uc19dlnbw22hybl-bwfwfrv4i1j9srba2jz9hhm6z"
            },
            "working_dir": null
          },
          "sensitive_attributes": []
        }
      ]
    },
    {
      "mode": "managed",
      "type": "vultr_instance",
      "name": "manager1",
      "provider": "provider[\"registry.terraform.io/vultr/vultr\"]",
      "instances": [
        {
          "schema_version": 0,
          "attributes": {
            "activation_email": null,
            "allowed_bandwidth": 1,
            "app_id": 0,
            "backups": "disabled",
            "backups_schedule": [],
            "date_created": "2023-07-30T05:56:26+00:00",
            "ddos_protection": false,
            "default_password": ")Bh8UHf6$p-A(2u@",
            "disk": 25,
            "enable_ipv6": false,
            "features": [],
            "firewall_group_id": "",
            "gateway_v4": "45.76.182.1",
            "hostname": "vultr.guest",
            "id": "b27714f3-25f5-4ebb-8d1b-2633189bc995",
            "image_id": "docker",
            "internal_ip": "",
            "iso_id": null,
            "kvm": "https://my.vultr.com/subs/vps/novnc/api.php?data=djJ8QVZFaU5NLXpfWG5iajVTcmtfeWFBR3NYQWRHSFpoTkV86J74rHJyUHd2eVeSLmgpQCMQkL5q4uQgr9diN_7u4XHTjFR74EngW357ts5mfvV0s-O3O_-bmBnudKWi9__KRvtSHTX0QKYAV74RokWjk-K2DuJT4pVWiLV5aZQauG_teMkcOEQSq3fBqodGB1Rg7MvJwVoH_vc9nznu9fADXFVT5H5kvI1QBBH1pMG_J7zrAGlxNTnRIsjRcg",
            "label": "manager1",
            "main_ip": "45.76.182.240",
            "netmask_v4": "255.255.254.0",
            "os": "Ubuntu 22.04 x64",
            "os_id": 1743,
            "plan": "vc2-1c-1gb",
            "power_status": "running",
            "private_network_ids": [],
            "ram": 1024,
            "region": "sgp",
            "reserved_ip_id": null,
            "script_id": null,
            "server_status": "installingbooting",
            "snapshot_id": null,
            "ssh_key_ids": [
              "f2efd2fd-d4c4-490a-881e-0ec6f5c2a918"
            ],
            "status": "active",
            "tags": [],
            "timeouts": null,
            "user_data": "#cloud-config\nruncmd:\n  - sudo iptables -A INPUT -p tcp --dport 2377 -j ACCEPT\n  - sudo iptables -A INPUT -p tcp --dport 7946 -j ACCEPT\n  - sudo iptables -A INPUT -p udp --dport 7946 -j ACCEPT\n  - sudo iptables -A INPUT -p udp --dport 4789 -j ACCEPT\n  - docker swarm init\n",
            "v6_main_ip": "",
            "v6_network": "",
            "v6_network_size": 0,
            "vcpu_count": 1,
            "vpc_ids": []
          },
          "sensitive_attributes": [],
          "private": "eyJlMmJmYjczMC1lY2FhLTExZTYtOGY4OC0zNDM2M2JjN2M0YzAiOnsiY3JlYXRlIjozNjAwMDAwMDAwMDAwLCJ1cGRhdGUiOjM2MDAwMDAwMDAwMDB9fQ=="
        }
      ]
    },
    {
      "mode": "managed",
      "type": "vultr_instance",
      "name": "worker1",
      "provider": "provider[\"registry.terraform.io/vultr/vultr\"]",
      "instances": [
        {
          "status": "tainted",
          "schema_version": 0,
          "attributes": {
            "activation_email": null,
            "allowed_bandwidth": 1,
            "app_id": 0,
            "backups": "disabled",
            "backups_schedule": [],
            "date_created": "2023-07-30T06:00:22+00:00",
            "ddos_protection": false,
            "default_password": "7f}L}(wVwBF3iDc.",
            "disk": 25,
            "enable_ipv6": false,
            "features": [],
            "firewall_group_id": "",
            "gateway_v4": "66.42.52.1",
            "hostname": "vultr.guest",
            "id": "515a48b3-6afb-48c0-a2db-eb39e3e70e84",
            "image_id": "docker",
            "internal_ip": "",
            "iso_id": null,
            "kvm": "https://my.vultr.com/subs/vps/novnc/api.php?data=djJ8cGt1M2VobGUwc3I1WjBpX1Nvb3R3TDY2TW0weHZKLUd8ObjseQYteaBijqT9GNan4Sf7UmFuAque7tW6wp3m4UK2yx4T7X3OwYpOfGkyax5oDgY6bwDt8gVx3RVZiPSr-X8BOptKbmBeHYPTpufVQOX2qGRHnTInwwxy36Zjbp-CybSzfYmxSHVLfPUWiaMZJ4v2H4JQNFiyKLpuEOW2ni41PHFS_Ue9JB64glA--ORP68xETYWn2-LJ",
            "label": "worker1",
            "main_ip": "66.42.53.189",
            "netmask_v4": "255.255.254.0",
            "os": "Ubuntu 22.04 x64",
            "os_id": 1743,
            "plan": "vc2-1c-1gb",
            "power_status": "running",
            "private_network_ids": [],
            "ram": 1024,
            "region": "sgp",
            "reserved_ip_id": null,
            "script_id": null,
            "server_status": "installingbooting",
            "snapshot_id": null,
            "ssh_key_ids": [
              "f2efd2fd-d4c4-490a-881e-0ec6f5c2a918"
            ],
            "status": "active",
            "tags": null,
            "timeouts": null,
            "user_data": "#cloud-config\nruncmd:\n  - sudo iptables -A INPUT -p tcp --dport 2377 -j ACCEPT\n  - sudo iptables -A INPUT -p tcp --dport 7946 -j ACCEPT\n  - sudo iptables -A INPUT -p udp --dport 7946 -j ACCEPT\n  - sudo iptables -A INPUT -p udp --dport 4789 -j ACCEPT\n",
            "v6_main_ip": "",
            "v6_network": "",
            "v6_network_size": 0,
            "vcpu_count": 1,
            "vpc_ids": []
          },
          "sensitive_attributes": [],
          "private": "eyJlMmJmYjczMC1lY2FhLTExZTYtOGY4OC0zNDM2M2JjN2M0YzAiOnsiY3JlYXRlIjozNjAwMDAwMDAwMDAwLCJ1cGRhdGUiOjM2MDAwMDAwMDAwMDB9fQ==",
          "dependencies": [
            "data.external.manager1_token",
            "vultr_instance.manager1"
          ]
        }
      ]
    },
    {
      "mode": "managed",
      "type": "vultr_instance",
      "name": "worker2",
      "provider": "provider[\"registry.terraform.io/vultr/vultr\"]",
      "instances": [
        {
          "status": "tainted",
          "schema_version": 0,
          "attributes": {
            "activation_email": null,
            "allowed_bandwidth": 1,
            "app_id": 0,
            "backups": "disabled",
            "backups_schedule": [],
            "date_created": "2023-07-30T06:00:22+00:00",
            "ddos_protection": false,
            "default_password": "x_7MyN?dMkN?+D=e",
            "disk": 25,
            "enable_ipv6": false,
            "features": [],
            "firewall_group_id": "",
            "gateway_v4": "45.77.168.1",
            "hostname": "vultr.guest",
            "id": "2b935ee2-4326-44bf-a2e5-0b820a16f4e3",
            "image_id": "docker",
            "internal_ip": "",
            "iso_id": null,
            "kvm": "https://my.vultr.com/subs/vps/novnc/api.php?data=djJ8dEtPQi11b3BwSE1tZG5TTjN5UDJMX1p1TTJqaU5mQXN8Y-kiclwPzHThFa-wzUZT-egnWShqZBKbz1OX0otb7-J3-i7IHvN3j9zR5ExYqJznqs-ujjgIo45t_hbDBLPUrepStb4Cc0eJIV5PxRFXf4ObMqGYSm38DLAGkCWJFye8NBXQdGqCzW8lCsDKXPOtYPhCulcx6cH3uv2Ziw9kd-MW97hHI6Vg3A_jkeqOJXv2slySjz01wrnG",
            "label": "worker2",
            "main_ip": "45.77.168.52",
            "netmask_v4": "255.255.254.0",
            "os": "Ubuntu 22.04 x64",
            "os_id": 1743,
            "plan": "vc2-1c-1gb",
            "power_status": "running",
            "private_network_ids": [],
            "ram": 1024,
            "region": "sgp",
            "reserved_ip_id": null,
            "script_id": null,
            "server_status": "installingbooting",
            "snapshot_id": null,
            "ssh_key_ids": [
              "f2efd2fd-d4c4-490a-881e-0ec6f5c2a918"
            ],
            "status": "active",
            "tags": null,
            "timeouts": null,
            "user_data": "#cloud-config\nruncmd:\n  - sudo iptables -A INPUT -p tcp --dport 2377 -j ACCEPT\n  - sudo iptables -A INPUT -p tcp --dport 7946 -j ACCEPT\n  - sudo iptables -A INPUT -p udp --dport 7946 -j ACCEPT\n  - sudo iptables -A INPUT -p udp --dport 4789 -j ACCEPT\n",
            "v6_main_ip": "",
            "v6_network": "",
            "v6_network_size": 0,
            "vcpu_count": 1,
            "vpc_ids": []
          },
          "sensitive_attributes": [],
          "private": "eyJlMmJmYjczMC1lY2FhLTExZTYtOGY4OC0zNDM2M2JjN2M0YzAiOnsiY3JlYXRlIjozNjAwMDAwMDAwMDAwLCJ1cGRhdGUiOjM2MDAwMDAwMDAwMDB9fQ==",
          "dependencies": [
            "data.external.manager1_token",
            "vultr_instance.manager1"
          ]
        }
      ]
    }
  ],
  "check_results": null
}
