{
  "version": 4,
  "terraform_version": "1.5.4",
  "serial": 404,
  "lineage": "ee233435-a852-76e8-bef4-53ec6a7c7e5d",
  "outputs": {},
  "resources": [
    {
      "mode": "managed",
      "type": "github_actions_secret",
      "name": "HOST",
      "provider": "provider[\"registry.terraform.io/integrations/github\"]",
      "instances": [
        {
          "schema_version": 0,
          "attributes": {
            "created_at": "2023-07-31 15:06:31 +0000 UTC",
            "encrypted_value": "",
            "id": "node-express-boilerplate:HOST",
            "plaintext_value": "45.76.150.69",
            "repository": "node-express-boilerplate",
            "secret_name": "HOST",
            "updated_at": "2023-07-31 15:06:31 +0000 UTC"
          },
          "sensitive_attributes": [],
          "private": "bnVsbA==",
          "dependencies": [
            "vultr_instance.manager1"
          ]
        }
      ]
    },
    {
      "mode": "managed",
      "type": "github_actions_secret",
      "name": "USERNAME",
      "provider": "provider[\"registry.terraform.io/integrations/github\"]",
      "instances": [
        {
          "schema_version": 0,
          "attributes": {
            "created_at": "2023-07-31 15:06:30 +0000 UTC",
            "encrypted_value": "",
            "id": "node-express-boilerplate:USERNAME",
            "plaintext_value": "root",
            "repository": "node-express-boilerplate",
            "secret_name": "USERNAME",
            "updated_at": "2023-07-31 15:06:30 +0000 UTC"
          },
          "sensitive_attributes": [],
          "private": "bnVsbA==",
          "dependencies": [
            "vultr_instance.manager1"
          ]
        }
      ]
    },
    {
      "mode": "managed",
      "type": "github_repository_deploy_key",
      "name": "example",
      "provider": "provider[\"registry.terraform.io/integrations/github\"]",
      "instances": [
        {
          "schema_version": 0,
          "attributes": {
            "etag": "W/\"a7b35dcd62aa4b95daf39e7d493c3e9727bbddb82e734aa44a153747e39381b5\"",
            "id": "node-express-boilerplate:85576705",
            "key": "ssh-rsa AAAAB3NzaC1yc2EAAAADAQABAAACAQDCR6zPcQAPGSKuNmwwTQUjZcNGNZO6uNYSEuoZfqcBjmoMSm3QcJ6uiqAajK3SbwFfar609ILl7RPa6Rsq+X1LAfT4fO+O6xXxc8Xbi0mAujcquIEe1pUuqq8z3pb/QUBLpOhK8CSRbWAff5ztEXu5d0Ch9gAWUdakakawzoXDahtfGev3TsLx7Tqeup7siLxsDa6Yw8kV1+dad+d0SlouIJRHvj1xN6ZSmMWITBz1s5lrTvbj4Mp0gZe3Yq0AjNdi7h3KBF/fPLopERMvDeTtu/H4uyacqYQVkNikOy0IRKuIYOf79JgJkv59Xc8vvUxRxVqSYH0YW33X/7WNSz01JX1cFUYKb6LruM+90qLww5Ad0otGS46OSCpXfC+XFqC09U45fIXp1mJNZhQgBUBVrQZeCiyhICjDr0ZXW2W0qG7znmvfehH/Hl/yqlvq1NvpaEFPXi61tluVcGzDKvzUtwvaiuwrpyO2BALWtPsAe+En4L/2MHAQFXYzh/I5NP4GSj4P2eAGXyF6yTISWBoCQwmD2JIO0JCvJKKST3BW9bW2dFO8mU/S5ma9Lqa79lD2X4sXzHdFwsnWp8l7zBIZj76FyJOdK07RHRBGwdNQdlPY6eA5a1FH5jBogBJU15fB6KABHldadgPZrYzITn804l1lA/xSjoMYPHB6qQ+vSw==",
            "read_only": true,
            "repository": "node-express-boilerplate",
            "title": "Vultr Deploy Key Manager1"
          },
          "sensitive_attributes": [],
          "private": "bnVsbA==",
          "dependencies": [
            "vultr_instance.manager1"
          ]
        }
      ]
    },
    {
      "mode": "managed",
      "type": "null_resource",
      "name": "connect_hosts",
      "provider": "provider[\"registry.terraform.io/hashicorp/null\"]",
      "instances": [
        {
          "schema_version": 0,
          "attributes": {
            "id": "3875163054863078518",
            "triggers": null
          },
          "sensitive_attributes": [],
          "dependencies": [
            "vultr_instance.manager1",
            "vultr_instance.worker1",
            "vultr_instance.worker2"
          ]
        }
      ]
    },
    {
      "mode": "managed",
      "type": "null_resource",
      "name": "install-docker-compose",
      "provider": "provider[\"registry.terraform.io/hashicorp/null\"]",
      "instances": [
        {
          "schema_version": 0,
          "attributes": {
            "id": "1105086452003249853",
            "triggers": null
          },
          "sensitive_attributes": [],
          "dependencies": [
            "vultr_instance.manager1"
          ]
        }
      ]
    },
    {
      "mode": "managed",
      "type": "null_resource",
      "name": "install-registry",
      "provider": "provider[\"registry.terraform.io/hashicorp/null\"]",
      "instances": [
        {
          "schema_version": 0,
          "attributes": {
            "id": "5346805517918292946",
            "triggers": null
          },
          "sensitive_attributes": [],
          "dependencies": [
            "vultr_instance.manager1"
          ]
        }
      ]
    },
    {
      "mode": "managed",
      "type": "null_resource",
      "name": "stack-deploy",
      "provider": "provider[\"registry.terraform.io/hashicorp/null\"]",
      "instances": [
        {
          "schema_version": 0,
          "attributes": {
            "id": "3672192527093782365",
            "triggers": null
          },
          "sensitive_attributes": [],
          "dependencies": [
            "github_repository_deploy_key.example",
            "null_resource.install-docker-compose",
            "null_resource.install-registry",
            "vultr_instance.manager1"
          ]
        }
      ]
    },
    {
      "mode": "managed",
      "type": "null_resource",
      "name": "stack-scale",
      "provider": "provider[\"registry.terraform.io/hashicorp/null\"]",
      "instances": [
        {
          "schema_version": 0,
          "attributes": {
            "id": "5015489516642410570",
            "triggers": null
          },
          "sensitive_attributes": [],
          "dependencies": [
            "github_repository_deploy_key.example",
            "null_resource.connect_hosts",
            "null_resource.install-docker-compose",
            "null_resource.install-registry",
            "null_resource.stack-deploy",
            "vultr_instance.manager1",
            "vultr_instance.worker1",
            "vultr_instance.worker2"
          ]
        }
      ]
    },
    {
      "mode": "managed",
      "type": "vultr_instance",
      "name": "manager1",
      "provider": "provider[\"registry.terraform.io/vultr/vultr\"]",
      "instances": [
        {
          "schema_version": 0,
          "attributes": {
            "activation_email": null,
            "allowed_bandwidth": 1,
            "app_id": 0,
            "backups": "disabled",
            "backups_schedule": [],
            "date_created": "2023-07-31T15:03:00+00:00",
            "ddos_protection": false,
            "default_password": "_xX8J#ukWNbt7=}i",
            "disk": 25,
            "enable_ipv6": false,
            "features": [],
            "firewall_group_id": "",
            "gateway_v4": "45.76.150.1",
            "hostname": "vultr.guest",
            "id": "36762bbd-5b1e-40b5-9a56-20e137ad8ba9",
            "image_id": "docker",
            "internal_ip": "",
            "iso_id": null,
            "kvm": "https://my.vultr.com/subs/vps/novnc/api.php?data=djJ8ZHdVRnF1emJvLUlkRW5jYlAydktwcUptLW80aUdvY1Z8BjyVfnE9zkWWxbCrRJqJnNO_9JP4a_ms5fMOFcXVbf7eCrRYm2c5cAr8K1VK2bpknLs4Rg3Y665E03lR4zNRX8FrCDPcsB6Xy0LumhpMrEfAlnOHHCRWlwdGsdC_9ENfBZRhwq01x4Pa9Qq3MB0U6Y-2FZi61yDJddz2f-B9iaOpGbTWZY9-9Pqtbk6ogf7Qldt1vhenRmGUKA",
            "label": "manager1",
            "main_ip": "45.76.150.69",
            "netmask_v4": "255.255.254.0",
            "os": "Ubuntu 22.04 x64",
            "os_id": 1743,
            "plan": "vc2-1c-1gb",
            "power_status": "running",
            "private_network_ids": [],
            "ram": 1024,
            "region": "sgp",
            "reserved_ip_id": null,
            "script_id": null,
            "server_status": "installingbooting",
            "snapshot_id": null,
            "ssh_key_ids": [
              "f2efd2fd-d4c4-490a-881e-0ec6f5c2a918"
            ],
            "status": "active",
            "tags": null,
            "timeouts": null,
            "user_data": "#cloud-config\nruncmd:\n  - sudo iptables -A INPUT -p tcp --dport 2377 -j ACCEPT\n  - sudo iptables -A INPUT -p tcp --dport 7946 -j ACCEPT\n  - sudo iptables -A INPUT -p udp --dport 7946 -j ACCEPT\n  - sudo iptables -A INPUT -p udp --dport 4789 -j ACCEPT\n  - docker swarm init --force-new-cluster\n",
            "v6_main_ip": "",
            "v6_network": "",
            "v6_network_size": 0,
            "vcpu_count": 1,
            "vpc_ids": []
          },
          "sensitive_attributes": [],
          "private": "eyJlMmJmYjczMC1lY2FhLTExZTYtOGY4OC0zNDM2M2JjN2M0YzAiOnsiY3JlYXRlIjozNjAwMDAwMDAwMDAwLCJ1cGRhdGUiOjM2MDAwMDAwMDAwMDB9fQ=="
        }
      ]
    },
    {
      "mode": "managed",
      "type": "vultr_instance",
      "name": "worker1",
      "provider": "provider[\"registry.terraform.io/vultr/vultr\"]",
      "instances": [
        {
          "schema_version": 0,
          "attributes": {
            "activation_email": null,
            "allowed_bandwidth": 1,
            "app_id": 0,
            "backups": "disabled",
            "backups_schedule": [],
            "date_created": "2023-07-31T15:03:00+00:00",
            "ddos_protection": false,
            "default_password": "2cX%]4kVd}yafnTb",
            "disk": 25,
            "enable_ipv6": false,
            "features": [],
            "firewall_group_id": "",
            "gateway_v4": "66.42.52.1",
            "hostname": "vultr.guest",
            "id": "ffadeb7a-3322-4ffc-bd4b-346e051a17a4",
            "image_id": "docker",
            "internal_ip": "",
            "iso_id": null,
            "kvm": "https://my.vultr.com/subs/vps/novnc/api.php?data=djJ8WkxBTTlyRUxXR2QxbExQZ0N0ZHFiWGtydGdvMUlnYlR82t7NJnyj142Gd_WLWCDDFwMq-D30fz5hiuAUAtgrbntQeEOI_hkd33MRarxuLqG3R_Pv5DBZPIYW00yQR8JxMg5mFx546OLFjKQxJvr7KIErZIyY5ikhSA9Jv6aodR8jFLUuERY8TnvyQVsYFZ6KIKBIEKk9bXStdhmcuv4pPUN-alvwht4As1k_0-jPjw6gCR-J3vWo5q6f",
            "label": "worker1",
            "main_ip": "66.42.53.189",
            "netmask_v4": "255.255.254.0",
            "os": "Ubuntu 22.04 x64",
            "os_id": 1743,
            "plan": "vc2-1c-1gb",
            "power_status": "running",
            "private_network_ids": [],
            "ram": 1024,
            "region": "sgp",
            "reserved_ip_id": null,
            "script_id": null,
            "server_status": "installingbooting",
            "snapshot_id": null,
            "ssh_key_ids": [
              "f2efd2fd-d4c4-490a-881e-0ec6f5c2a918"
            ],
            "status": "active",
            "tags": null,
            "timeouts": null,
            "user_data": "#cloud-config\nruncmd:\n  - sudo iptables -A INPUT -p tcp --dport 2377 -j ACCEPT\n  - sudo iptables -A INPUT -p tcp --dport 7946 -j ACCEPT\n  - sudo iptables -A INPUT -p udp --dport 7946 -j ACCEPT\n  - sudo iptables -A INPUT -p udp --dport 4789 -j ACCEPT\n",
            "v6_main_ip": "",
            "v6_network": "",
            "v6_network_size": 0,
            "vcpu_count": 1,
            "vpc_ids": []
          },
          "sensitive_attributes": [],
          "private": "eyJlMmJmYjczMC1lY2FhLTExZTYtOGY4OC0zNDM2M2JjN2M0YzAiOnsiY3JlYXRlIjozNjAwMDAwMDAwMDAwLCJ1cGRhdGUiOjM2MDAwMDAwMDAwMDB9fQ=="
        }
      ]
    },
    {
      "mode": "managed",
      "type": "vultr_instance",
      "name": "worker2",
      "provider": "provider[\"registry.terraform.io/vultr/vultr\"]",
      "instances": [
        {
          "schema_version": 0,
          "attributes": {
            "activation_email": null,
            "allowed_bandwidth": 1,
            "app_id": 0,
            "backups": "disabled",
            "backups_schedule": [],
            "date_created": "2023-07-31T15:03:00+00:00",
            "ddos_protection": false,
            "default_password": "eW-5LfvAJTcM4uo.",
            "disk": 25,
            "enable_ipv6": false,
            "features": [],
            "firewall_group_id": "",
            "gateway_v4": "66.42.52.1",
            "hostname": "vultr.guest",
            "id": "a1671754-89d9-428c-a35c-b64f8dd3bcdd",
            "image_id": "docker",
            "internal_ip": "",
            "iso_id": null,
            "kvm": "https://my.vultr.com/subs/vps/novnc/api.php?data=djJ8dTloN2loeF84dkUydW1CbGZJNV9ubU0tRXFTTVJlSGh8oBkd9hZ_pVj3JofiB5okb88Hh6N0T5sJaXUgnhuatn1ln_O46qFsgPkxOVqDxWPFY8KntMjqbQQ0J-YLxtowu95E1HE6lDPQsIpNpxiWeBf9MLiItlvuuoQLD7pLgAfEqNs51fN5auZCNkRjrlG2wMTeuecBFHS5gXrl2ttmGYjM7PDUNwOAjrbELTEUstQARNxME1UvLps",
            "label": "worker2",
            "main_ip": "66.42.53.148",
            "netmask_v4": "255.255.254.0",
            "os": "Ubuntu 22.04 x64",
            "os_id": 1743,
            "plan": "vc2-1c-1gb",
            "power_status": "running",
            "private_network_ids": [],
            "ram": 1024,
            "region": "sgp",
            "reserved_ip_id": null,
            "script_id": null,
            "server_status": "installingbooting",
            "snapshot_id": null,
            "ssh_key_ids": [
              "f2efd2fd-d4c4-490a-881e-0ec6f5c2a918"
            ],
            "status": "active",
            "tags": null,
            "timeouts": null,
            "user_data": "#cloud-config\nruncmd:\n  - sudo iptables -A INPUT -p tcp --dport 2377 -j ACCEPT\n  - sudo iptables -A INPUT -p tcp --dport 7946 -j ACCEPT\n  - sudo iptables -A INPUT -p udp --dport 7946 -j ACCEPT\n  - sudo iptables -A INPUT -p udp --dport 4789 -j ACCEPT\n",
            "v6_main_ip": "",
            "v6_network": "",
            "v6_network_size": 0,
            "vcpu_count": 1,
            "vpc_ids": []
          },
          "sensitive_attributes": [],
          "private": "eyJlMmJmYjczMC1lY2FhLTExZTYtOGY4OC0zNDM2M2JjN2M0YzAiOnsiY3JlYXRlIjozNjAwMDAwMDAwMDAwLCJ1cGRhdGUiOjM2MDAwMDAwMDAwMDB9fQ=="
        }
      ]
    }
  ],
  "check_results": null
}
