{
  "version": 4,
  "terraform_version": "1.5.4",
  "serial": 229,
  "lineage": "ee233435-a852-76e8-bef4-53ec6a7c7e5d",
  "outputs": {},
  "resources": [
    {
      "mode": "managed",
      "type": "github_actions_secret",
      "name": "example_secret",
      "provider": "provider[\"registry.terraform.io/integrations/github\"]",
      "instances": [
        {
          "schema_version": 0,
          "attributes": {
            "created_at": "2023-07-27 03:44:50 +0000 UTC",
            "encrypted_value": "",
            "id": "node-express-boilerplate:HOST",
            "plaintext_value": "45.76.150.69",
            "repository": "node-express-boilerplate",
            "secret_name": "HOST",
            "updated_at": "2023-07-31 10:10:33 +0000 UTC"
          },
          "sensitive_attributes": [],
          "private": "bnVsbA==",
          "dependencies": [
            "github_repository_deploy_key.example",
            "null_resource.git_clone",
            "vultr_instance.manager1"
          ]
        }
      ]
    },
    {
      "mode": "managed",
      "type": "github_actions_secret",
      "name": "example_secret2",
      "provider": "provider[\"registry.terraform.io/integrations/github\"]",
      "instances": [
        {
          "schema_version": 0,
          "attributes": {
            "created_at": "2023-07-27 03:44:28 +0000 UTC",
            "encrypted_value": "",
            "id": "node-express-boilerplate:PRIVATE_KEY",
            "plaintext_value": "A)h5tWFF=z5z25pZ",
            "repository": "node-express-boilerplate",
            "secret_name": "PRIVATE_KEY",
            "updated_at": "2023-07-31 10:10:36 +0000 UTC"
          },
          "sensitive_attributes": [
            [
              {
                "type": "get_attr",
                "value": "plaintext_value"
              }
            ]
          ],
          "private": "bnVsbA==",
          "dependencies": [
            "github_repository_deploy_key.example",
            "null_resource.git_clone",
            "vultr_instance.manager1"
          ]
        }
      ]
    },
    {
      "mode": "managed",
      "type": "github_actions_secret",
      "name": "example_secret3",
      "provider": "provider[\"registry.terraform.io/integrations/github\"]",
      "instances": [
        {
          "schema_version": 0,
          "attributes": {
            "created_at": "2023-07-27 03:43:31 +0000 UTC",
            "encrypted_value": "",
            "id": "node-express-boilerplate:USERNAME",
            "plaintext_value": "root",
            "repository": "node-express-boilerplate",
            "secret_name": "USERNAME",
            "updated_at": "2023-07-31 10:10:35 +0000 UTC"
          },
          "sensitive_attributes": [],
          "private": "bnVsbA==",
          "dependencies": [
            "github_repository_deploy_key.example",
            "null_resource.git_clone",
            "vultr_instance.manager1"
          ]
        }
      ]
    },
    {
      "mode": "managed",
      "type": "github_repository_deploy_key",
      "name": "example",
      "provider": "provider[\"registry.terraform.io/integrations/github\"]",
      "instances": [
        {
          "schema_version": 0,
          "attributes": {
            "etag": "W/\"fd4d334349b703ae20cd90298e2e6ab8a62dc7cb28aebb93bfeb9a04274f88b8\"",
            "id": "node-express-boilerplate:85564170",
            "key": "ssh-rsa AAAAB3NzaC1yc2EAAAADAQABAAACAQDCR6zPcQAPGSKuNmwwTQUjZcNGNZO6uNYSEuoZfqcBjmoMSm3QcJ6uiqAajK3SbwFfar609ILl7RPa6Rsq+X1LAfT4fO+O6xXxc8Xbi0mAujcquIEe1pUuqq8z3pb/QUBLpOhK8CSRbWAff5ztEXu5d0Ch9gAWUdakakawzoXDahtfGev3TsLx7Tqeup7siLxsDa6Yw8kV1+dad+d0SlouIJRHvj1xN6ZSmMWITBz1s5lrTvbj4Mp0gZe3Yq0AjNdi7h3KBF/fPLopERMvDeTtu/H4uyacqYQVkNikOy0IRKuIYOf79JgJkv59Xc8vvUxRxVqSYH0YW33X/7WNSz01JX1cFUYKb6LruM+90qLww5Ad0otGS46OSCpXfC+XFqC09U45fIXp1mJNZhQgBUBVrQZeCiyhICjDr0ZXW2W0qG7znmvfehH/Hl/yqlvq1NvpaEFPXi61tluVcGzDKvzUtwvaiuwrpyO2BALWtPsAe+En4L/2MHAQFXYzh/I5NP4GSj4P2eAGXyF6yTISWBoCQwmD2JIO0JCvJKKST3BW9bW2dFO8mU/S5ma9Lqa79lD2X4sXzHdFwsnWp8l7zBIZj76FyJOdK07RHRBGwdNQdlPY6eA5a1FH5jBogBJU15fB6KABHldadgPZrYzITn804l1lA/xSjoMYPHB6qQ+vSw==",
            "read_only": true,
            "repository": "node-express-boilerplate",
            "title": "Vultr Deploy Key Manager1"
          },
          "sensitive_attributes": [],
          "private": "bnVsbA==",
          "dependencies": [
            "vultr_instance.manager1"
          ]
        }
      ]
    },
    {
      "mode": "managed",
      "type": "null_resource",
      "name": "connect_hosts",
      "provider": "provider[\"registry.terraform.io/hashicorp/null\"]",
      "instances": [
        {
          "schema_version": 0,
          "attributes": {
            "id": "4245970482667323520",
            "triggers": null
          },
          "sensitive_attributes": [],
          "dependencies": [
            "vultr_instance.manager1",
            "vultr_instance.worker1",
            "vultr_instance.worker2"
          ]
        }
      ]
    },
    {
      "mode": "managed",
      "type": "null_resource",
      "name": "git_clone",
      "provider": "provider[\"registry.terraform.io/hashicorp/null\"]",
      "instances": [
        {
          "schema_version": 0,
          "attributes": {
            "id": "3428017464456064431",
            "triggers": null
          },
          "sensitive_attributes": [],
          "dependencies": [
            "github_repository_deploy_key.example",
            "vultr_instance.manager1"
          ]
        }
      ]
    },
    {
      "mode": "managed",
      "type": "vultr_instance",
      "name": "manager1",
      "provider": "provider[\"registry.terraform.io/vultr/vultr\"]",
      "instances": [
        {
          "schema_version": 0,
          "attributes": {
            "activation_email": null,
            "allowed_bandwidth": 1,
            "app_id": 0,
            "backups": "disabled",
            "backups_schedule": [],
            "date_created": "2023-07-31T10:07:36+00:00",
            "ddos_protection": false,
            "default_password": "A)h5tWFF=z5z25pZ",
            "disk": 25,
            "enable_ipv6": false,
            "features": [],
            "firewall_group_id": "",
            "gateway_v4": "45.76.150.1",
            "hostname": "vultr.guest",
            "id": "4668bde6-1a4c-46ca-a29f-969c0a269322",
            "image_id": "docker",
            "internal_ip": "",
            "iso_id": null,
            "kvm": "https://my.vultr.com/subs/vps/novnc/api.php?data=djJ8bThVM0lhRGpVOXh1Yzk1NXJlSWdEeHZtMkJKdlVkTzN8mBeGR-Un-MwA_Dn68Xz4vU4UaCXEPCSSpYhGis_xvc5BJ9N67U3Wy-yIzv0J39QslmE1DlCHRKz_lttMeFm3lcjpEnDzEOKKHqI2AKQtWM2-ePCy8drtzQpg9IMavw1AfcLJ9E2NrX7PQ0LHRj2ipExNVxZfBSdgvNY164RAjQq2OeSH-VJz2xs0Dlpx9QMj_RVL04F3joOeXg",
            "label": "manager1",
            "main_ip": "45.76.150.69",
            "netmask_v4": "255.255.254.0",
            "os": "Ubuntu 22.04 x64",
            "os_id": 1743,
            "plan": "vc2-1c-1gb",
            "power_status": "running",
            "private_network_ids": [],
            "ram": 1024,
            "region": "sgp",
            "reserved_ip_id": null,
            "script_id": null,
            "server_status": "installingbooting",
            "snapshot_id": null,
            "ssh_key_ids": [
              "f2efd2fd-d4c4-490a-881e-0ec6f5c2a918"
            ],
            "status": "active",
            "tags": null,
            "timeouts": null,
            "user_data": "#cloud-config\nruncmd:\n  - sudo iptables -A INPUT -p tcp --dport 2377 -j ACCEPT\n  - sudo iptables -A INPUT -p tcp --dport 7946 -j ACCEPT\n  - sudo iptables -A INPUT -p udp --dport 7946 -j ACCEPT\n  - sudo iptables -A INPUT -p udp --dport 4789 -j ACCEPT\n",
            "v6_main_ip": "",
            "v6_network": "",
            "v6_network_size": 0,
            "vcpu_count": 1,
            "vpc_ids": []
          },
          "sensitive_attributes": [],
          "private": "eyJlMmJmYjczMC1lY2FhLTExZTYtOGY4OC0zNDM2M2JjN2M0YzAiOnsiY3JlYXRlIjozNjAwMDAwMDAwMDAwLCJ1cGRhdGUiOjM2MDAwMDAwMDAwMDB9fQ=="
        }
      ]
    },
    {
      "mode": "managed",
      "type": "vultr_instance",
      "name": "worker1",
      "provider": "provider[\"registry.terraform.io/vultr/vultr\"]",
      "instances": [
        {
          "schema_version": 0,
          "attributes": {
            "activation_email": null,
            "allowed_bandwidth": 1,
            "app_id": 0,
            "backups": "disabled",
            "backups_schedule": [],
            "date_created": "2023-07-31T10:07:36+00:00",
            "ddos_protection": false,
            "default_password": "F7a#WGE+Hb@PtGqi",
            "disk": 25,
            "enable_ipv6": false,
            "features": [],
            "firewall_group_id": "",
            "gateway_v4": "45.76.182.1",
            "hostname": "vultr.guest",
            "id": "89529e8b-ecbd-4e88-adec-0ccb9d382845",
            "image_id": "docker",
            "internal_ip": "",
            "iso_id": null,
            "kvm": "https://my.vultr.com/subs/vps/novnc/api.php?data=djJ8NjBwTkM5aWgxdDJqRy1uYU9NNWFJYkU2b3d6ekRZZ0N8WNIkAQSevYN3fwXjh0G9n636wWoLMJVGraa8bNKGdwJQkMg_h4OG0YCXOv8AILiTqEGPGkA6uLuI85aNfJBvRRGBHXJe52I0FH65tzuGvUj9SMaE2PvCoK7AoCra72GIqw9eqMvo8QknsjGy3e9SGOrta9mXCsAzL3TYbDSTCEaTPugShQN1ebTZNF9kmzbfA7Y5mRMZkck",
            "label": "worker1",
            "main_ip": "45.76.182.240",
            "netmask_v4": "255.255.254.0",
            "os": "Ubuntu 22.04 x64",
            "os_id": 1743,
            "plan": "vc2-1c-1gb",
            "power_status": "running",
            "private_network_ids": [],
            "ram": 1024,
            "region": "sgp",
            "reserved_ip_id": null,
            "script_id": null,
            "server_status": "installingbooting",
            "snapshot_id": null,
            "ssh_key_ids": [
              "f2efd2fd-d4c4-490a-881e-0ec6f5c2a918"
            ],
            "status": "active",
            "tags": null,
            "timeouts": null,
            "user_data": "#cloud-config\nruncmd:\n  - sudo iptables -A INPUT -p tcp --dport 2377 -j ACCEPT\n  - sudo iptables -A INPUT -p tcp --dport 7946 -j ACCEPT\n  - sudo iptables -A INPUT -p udp --dport 7946 -j ACCEPT\n  - sudo iptables -A INPUT -p udp --dport 4789 -j ACCEPT\n",
            "v6_main_ip": "",
            "v6_network": "",
            "v6_network_size": 0,
            "vcpu_count": 1,
            "vpc_ids": []
          },
          "sensitive_attributes": [],
          "private": "eyJlMmJmYjczMC1lY2FhLTExZTYtOGY4OC0zNDM2M2JjN2M0YzAiOnsiY3JlYXRlIjozNjAwMDAwMDAwMDAwLCJ1cGRhdGUiOjM2MDAwMDAwMDAwMDB9fQ=="
        }
      ]
    },
    {
      "mode": "managed",
      "type": "vultr_instance",
      "name": "worker2",
      "provider": "provider[\"registry.terraform.io/vultr/vultr\"]",
      "instances": [
        {
          "schema_version": 0,
          "attributes": {
            "activation_email": null,
            "allowed_bandwidth": 1,
            "app_id": 0,
            "backups": "disabled",
            "backups_schedule": [],
            "date_created": "2023-07-31T10:07:36+00:00",
            "ddos_protection": false,
            "default_password": "2=Dd4Jo%*J42UcHT",
            "disk": 25,
            "enable_ipv6": false,
            "features": [],
            "firewall_group_id": "",
            "gateway_v4": "66.42.52.1",
            "hostname": "vultr.guest",
            "id": "ae7364f2-0447-416e-b45b-5098293c11b5",
            "image_id": "docker",
            "internal_ip": "",
            "iso_id": null,
            "kvm": "https://my.vultr.com/subs/vps/novnc/api.php?data=djJ8RExTOWRDd0tTamtqTGQ4aWxycENfRzJtTkU1VE1paGJ8o7bT9vCPN1X5VJPCcRazIs5Fc7RtWEOrdhEc2BHR5WQvyCSJ1RiqBB3RYw0qb8dLD1YYZd5mIpjVXFQ0bTSw2E6aPgAazIKxHRAgnNZCWXy2aFDl0wDdFM5FghvfgaAxsodFQRQaR5eOX1VJiufWJUKeWLN8qZrRE1SvptPLcEI6J_bl1-_ABVjTx6YXdE2PUwcV1nMnBhVe",
            "label": "worker2",
            "main_ip": "66.42.53.148",
            "netmask_v4": "255.255.254.0",
            "os": "Ubuntu 22.04 x64",
            "os_id": 1743,
            "plan": "vc2-1c-1gb",
            "power_status": "running",
            "private_network_ids": [],
            "ram": 1024,
            "region": "sgp",
            "reserved_ip_id": null,
            "script_id": null,
            "server_status": "installingbooting",
            "snapshot_id": null,
            "ssh_key_ids": [
              "f2efd2fd-d4c4-490a-881e-0ec6f5c2a918"
            ],
            "status": "active",
            "tags": null,
            "timeouts": null,
            "user_data": "#cloud-config\nruncmd:\n  - sudo iptables -A INPUT -p tcp --dport 2377 -j ACCEPT\n  - sudo iptables -A INPUT -p tcp --dport 7946 -j ACCEPT\n  - sudo iptables -A INPUT -p udp --dport 7946 -j ACCEPT\n  - sudo iptables -A INPUT -p udp --dport 4789 -j ACCEPT\n",
            "v6_main_ip": "",
            "v6_network": "",
            "v6_network_size": 0,
            "vcpu_count": 1,
            "vpc_ids": []
          },
          "sensitive_attributes": [],
          "private": "eyJlMmJmYjczMC1lY2FhLTExZTYtOGY4OC0zNDM2M2JjN2M0YzAiOnsiY3JlYXRlIjozNjAwMDAwMDAwMDAwLCJ1cGRhdGUiOjM2MDAwMDAwMDAwMDB9fQ=="
        }
      ]
    }
  ],
  "check_results": null
}
