{
  "version": 4,
  "terraform_version": "1.5.4",
  "serial": 7,
  "lineage": "ee233435-a852-76e8-bef4-53ec6a7c7e5d",
  "outputs": {
    "ssh_manager1": {
      "value": "TOKEN=$(ssh -o StrictHostKeyChecking=no -o UserKnownHostsFile=/dev/null root@45.76.182.240 docker swarm join-token manager -q)",
      "type": "string"
    }
  },
  "resources": [
    {
      "mode": "managed",
      "type": "vultr_instance",
      "name": "manager1",
      "provider": "provider[\"registry.terraform.io/vultr/vultr\"]",
      "instances": [
        {
          "schema_version": 0,
          "attributes": {
            "activation_email": null,
            "allowed_bandwidth": 1,
            "app_id": 0,
            "backups": "disabled",
            "backups_schedule": [],
            "date_created": "2023-07-30T05:56:26+00:00",
            "ddos_protection": false,
            "default_password": ")Bh8UHf6$p-A(2u@",
            "disk": 25,
            "enable_ipv6": false,
            "features": [],
            "firewall_group_id": "",
            "gateway_v4": "45.76.182.1",
            "hostname": "vultr.guest",
            "id": "b27714f3-25f5-4ebb-8d1b-2633189bc995",
            "image_id": "docker",
            "internal_ip": "",
            "iso_id": null,
            "kvm": "https://my.vultr.com/subs/vps/novnc/api.php?data=djJ8QVZFaU5NLXpfWG5iajVTcmtfeWFBR3NYQWRHSFpoTkV86J74rHJyUHd2eVeSLmgpQCMQkL5q4uQgr9diN_7u4XHTjFR74EngW357ts5mfvV0s-O3O_-bmBnudKWi9__KRvtSHTX0QKYAV74RokWjk-K2DuJT4pVWiLV5aZQauG_teMkcOEQSq3fBqodGB1Rg7MvJwVoH_vc9nznu9fADXFVT5H5kvI1QBBH1pMG_J7zrAGlxNTnRIsjRcg",
            "label": "manager1",
            "main_ip": "45.76.182.240",
            "netmask_v4": "255.255.254.0",
            "os": "Ubuntu 22.04 x64",
            "os_id": 1743,
            "plan": "vc2-1c-1gb",
            "power_status": "running",
            "private_network_ids": [],
            "ram": 1024,
            "region": "sgp",
            "reserved_ip_id": null,
            "script_id": null,
            "server_status": "ok",
            "snapshot_id": null,
            "ssh_key_ids": [
              "f2efd2fd-d4c4-490a-881e-0ec6f5c2a918"
            ],
            "status": "active",
            "tags": [],
            "timeouts": null,
            "user_data": "#cloud-config\nruncmd:\n  - sudo iptables -A INPUT -p tcp --dport 2377 -j ACCEPT\n  - sudo iptables -A INPUT -p tcp --dport 7946 -j ACCEPT\n  - sudo iptables -A INPUT -p udp --dport 7946 -j ACCEPT\n  - sudo iptables -A INPUT -p udp --dport 4789 -j ACCEPT\n  - docker swarm init\n",
            "v6_main_ip": "",
            "v6_network": "",
            "v6_network_size": 0,
            "vcpu_count": 1,
            "vpc_ids": []
          },
          "sensitive_attributes": [],
          "private": "eyJlMmJmYjczMC1lY2FhLTExZTYtOGY4OC0zNDM2M2JjN2M0YzAiOnsiY3JlYXRlIjozNjAwMDAwMDAwMDAwLCJ1cGRhdGUiOjM2MDAwMDAwMDAwMDB9fQ=="
        }
      ]
    }
  ],
  "check_results": null
}
